{
  "originHash" : "b56f2ddf86f81176a5f5eb13eaad7734d2f351717be227ac7492aec716668bca",
  "pins" : [
    {
      "identity" : "swiftfulhaptics",
      "kind" : "remoteSourceControl",
      "location" : "https://github.com/SwiftfulThinking/SwiftfulHaptics",
      "state" : {
        "revision" : "01a4e908356c4de02be8acd45532c849e3282eb8",
        "version" : "2.0.2"
      }
    }
  ],
  "version" : 3
}
